{
	"name": "cairn-worker-tools",
	"lockfileVersion": 3,
	"requires": true,
	"packages": {
		"": {
			"name": "cairn-worker-tools",
			"license": "AGPL-3.0-only",
			"dependencies": {
				"@anthropic-ai/claude-code": "2.1.219",
				"@openai/codex": "0.145.0",
				"opencode-ai": "1.18.4"
			}
		},
		"node_modules/@anthropic-ai/claude-code": {
			"version": "2.1.219",
			"resolved": "https://registry.npmjs.org/@anthropic-ai/claude-code/-/claude-code-2.1.219.tgz",
			"integrity": "sha512-6PVBrRsKHFi0gzv5bCabVL+XSqI3F8AR6ekFx4gpzdE5a9XotqewolID0PbcdD9IyWVYCIDET4GDCcUdA89i3Q==",
			"hasInstallScript": true,
			"license": "SEE LICENSE IN README.md",
			"bin": {
				"claude": "bin/claude.exe"
			},
			"engines": {
				"node": ">=22.0.0"
			},
			"optionalDependencies": {
				"@anthropic-ai/claude-code-darwin-arm64": "2.1.219",
				"@anthropic-ai/claude-code-darwin-x64": "2.1.219",
				"@anthropic-ai/claude-code-linux-arm64": "2.1.219",
				"@anthropic-ai/claude-code-linux-arm64-musl": "2.1.219",
				"@anthropic-ai/claude-code-linux-x64": "2.1.219",
				"@anthropic-ai/claude-code-linux-x64-musl": "2.1.219",
				"@anthropic-ai/claude-code-win32-arm64": "2.1.219",
				"@anthropic-ai/claude-code-win32-x64": "2.1.219"
			}
		},
		"node_modules/@anthropic-ai/claude-code-darwin-arm64": {
			"version": "2.1.219",
			"resolved": "https://registry.npmjs.org/@anthropic-ai/claude-code-darwin-arm64/-/claude-code-darwin-arm64-2.1.219.tgz",
			"integrity": "sha512-/t/JlmaHh6vtXbZ0R8iRnSBzhc1OSQLybS8HB5RA/BtbueODKQKvtCiCBVwdXXjmdn3aBFrmWRbGzpYZRVcZtw==",
			"cpu": [
				"arm64"
			],
			"license": "SEE LICENSE IN LICENSE.md",
			"optional": true,
			"os": [
				"darwin"
			]
		},
		"node_modules/@anthropic-ai/claude-code-darwin-x64": {
			"version": "2.1.219",
			"resolved": "https://registry.npmjs.org/@anthropic-ai/claude-code-darwin-x64/-/claude-code-darwin-x64-2.1.219.tgz",
			"integrity": "sha512-+xuRyR76Q4ZtorDuZVaTvfFEKunCsthZxR+c8/cHtvViaYt4cZ11Aof2GYH0qQhyY5DaoQphO21Lnr/VfzpGqQ==",
			"cpu": [
				"x64"
			],
			"license": "SEE LICENSE IN LICENSE.md",
			"optional": true,
			"os": [
				"darwin"
			]
		},
		"node_modules/@anthropic-ai/claude-code-linux-arm64": {
			"version": "2.1.219",
			"resolved": "https://registry.npmjs.org/@anthropic-ai/claude-code-linux-arm64/-/claude-code-linux-arm64-2.1.219.tgz",
			"integrity": "sha512-G5yLidk2u6djL5PPuBYXVwVhTsZY5zLoZwh1Jnrd/IRyYb0P0x4gKTzVvGlsGepkBrOp0H2k/KuicyNPrXt57Q==",
			"cpu": [
				"arm64"
			],
			"libc": [
				"glibc"
			],
			"license": "SEE LICENSE IN LICENSE.md",
			"optional": true,
			"os": [
				"linux"
			]
		},
		"node_modules/@anthropic-ai/claude-code-linux-arm64-musl": {
			"version": "2.1.219",
			"resolved": "https://registry.npmjs.org/@anthropic-ai/claude-code-linux-arm64-musl/-/claude-code-linux-arm64-musl-2.1.219.tgz",
			"integrity": "sha512-l3v1ngKE5Y75TD8vqkE/yHTHIZ7bzcfWhyi9jmtXnYQ2Q2GVcBDasaD4K8wkFsf7iEZtioSRYtxdi0FBuTYYJQ==",
			"cpu": [
				"arm64"
			],
			"libc": [
				"musl"
			],
			"license": "SEE LICENSE IN LICENSE.md",
			"optional": true,
			"os": [
				"linux"
			]
		},
		"node_modules/@anthropic-ai/claude-code-linux-x64": {
			"version": "2.1.219",
			"resolved": "https://registry.npmjs.org/@anthropic-ai/claude-code-linux-x64/-/claude-code-linux-x64-2.1.219.tgz",
			"integrity": "sha512-Eq8aJpMrfy5rwQZQys/MdDD5Ph96ugZMgmwZmo4mXveEvp7JTZX8vUvqN/sHBn/yVmhzJNWcvepzQuBkcrLXZw==",
			"cpu": [
				"x64"
			],
			"libc": [
				"glibc"
			],
			"license": "SEE LICENSE IN LICENSE.md",
			"optional": true,
			"os": [
				"linux"
			]
		},
		"node_modules/@anthropic-ai/claude-code-linux-x64-musl": {
			"version": "2.1.219",
			"resolved": "https://registry.npmjs.org/@anthropic-ai/claude-code-linux-x64-musl/-/claude-code-linux-x64-musl-2.1.219.tgz",
			"integrity": "sha512-fEgmLQZWn6yvfGChyr781+pXaFPNMTSlGyujW3J8lM1CqobFOQSvk/8kepxgibmjeRxQn/O6BIgSxwp1vzvlSA==",
			"cpu": [
				"x64"
			],
			"libc": [
				"musl"
			],
			"license": "SEE LICENSE IN LICENSE.md",
			"optional": true,
			"os": [
				"linux"
			]
		},
		"node_modules/@anthropic-ai/claude-code-win32-arm64": {
			"version": "2.1.219",
			"resolved": "https://registry.npmjs.org/@anthropic-ai/claude-code-win32-arm64/-/claude-code-win32-arm64-2.1.219.tgz",
			"integrity": "sha512-Do0M4zVIF8ULCvttXwi1d4D6U19sqgjCLOSRsgOGjaa/G1QUzkTn8BiGAi2vkp8EEIYQKJpPXmWVzWYcZnKAWQ==",
			"cpu": [
				"arm64"
			],
			"license": "SEE LICENSE IN LICENSE.md",
			"optional": true,
			"os": [
				"win32"
			]
		},
		"node_modules/@anthropic-ai/claude-code-win32-x64": {
			"version": "2.1.219",
			"resolved": "https://registry.npmjs.org/@anthropic-ai/claude-code-win32-x64/-/claude-code-win32-x64-2.1.219.tgz",
			"integrity": "sha512-W5yKQOYnMmPFUa0//e8dVMAn0oYK2iMk9dS5QvfIZnNc32exXlRWjVDtTUhwxL5wbeIom3GbGk4lrOYwD4h/cw==",
			"cpu": [
				"x64"
			],
			"license": "SEE LICENSE IN LICENSE.md",
			"optional": true,
			"os": [
				"win32"
			]
		},
		"node_modules/@openai/codex": {
			"version": "0.145.0",
			"resolved": "https://registry.npmjs.org/@openai/codex/-/codex-0.145.0.tgz",
			"integrity": "sha512-/PSPSFujjjmiyVFvG2yu/grOFhsWdokTH8t2KGWhXSo/M5n/dIDsnbsnO82/7bLtIoDuzQf7ATBUMWqPWQINlQ==",
			"license": "Apache-2.0",
			"bin": {
				"codex": "bin/codex.js"
			},
			"engines": {
				"node": ">=16"
			},
			"optionalDependencies": {
				"@openai/codex-darwin-arm64": "npm:@openai/codex@0.145.0-darwin-arm64",
				"@openai/codex-darwin-x64": "npm:@openai/codex@0.145.0-darwin-x64",
				"@openai/codex-linux-arm64": "npm:@openai/codex@0.145.0-linux-arm64",
				"@openai/codex-linux-x64": "npm:@openai/codex@0.145.0-linux-x64",
				"@openai/codex-win32-arm64": "npm:@openai/codex@0.145.0-win32-arm64",
				"@openai/codex-win32-x64": "npm:@openai/codex@0.145.0-win32-x64"
			}
		},
		"node_modules/@openai/codex-darwin-arm64": {
			"name": "@openai/codex",
			"version": "0.145.0-darwin-arm64",
			"resolved": "https://registry.npmjs.org/@openai/codex/-/codex-0.145.0-darwin-arm64.tgz",
			"integrity": "sha512-h6aQ0UxnaP8mIM/9/qPAH9MNkRliJo88toq1T36IxNM2L5JSU0TFamu+MZn7YkFgDsrp0RfiI+97Tm8AVVxqtA==",
			"cpu": [
				"arm64"
			],
			"license": "Apache-2.0",
			"optional": true,
			"os": [
				"darwin"
			],
			"engines": {
				"node": ">=16"
			}
		},
		"node_modules/@openai/codex-darwin-x64": {
			"name": "@openai/codex",
			"version": "0.145.0-darwin-x64",
			"resolved": "https://registry.npmjs.org/@openai/codex/-/codex-0.145.0-darwin-x64.tgz",
			"integrity": "sha512-FCYzVKCa9VoLtg9gVyzKpqylonfgZrfcWZN6HsXAZPeuo8CukdMqdgTUOhDn2V6h3MbqS0z6VqQVKUllN/yKhA==",
			"cpu": [
				"x64"
			],
			"license": "Apache-2.0",
			"optional": true,
			"os": [
				"darwin"
			],
			"engines": {
				"node": ">=16"
			}
		},
		"node_modules/@openai/codex-linux-arm64": {
			"name": "@openai/codex",
			"version": "0.145.0-linux-arm64",
			"resolved": "https://registry.npmjs.org/@openai/codex/-/codex-0.145.0-linux-arm64.tgz",
			"integrity": "sha512-8OLcPXaAol/FOrRoDxWhIiHIFa73KRsM41EKocjRZOwiT4TcelzJWn3dHyiuSb7teWF25rrslvSPyvhULYRRCQ==",
			"cpu": [
				"arm64"
			],
			"license": "Apache-2.0",
			"optional": true,
			"os": [
				"linux"
			],
			"engines": {
				"node": ">=16"
			}
		},
		"node_modules/@openai/codex-linux-x64": {
			"name": "@openai/codex",
			"version": "0.145.0-linux-x64",
			"resolved": "https://registry.npmjs.org/@openai/codex/-/codex-0.145.0-linux-x64.tgz",
			"integrity": "sha512-u8w8LLv3DvsfrDCoswLIemZ0SoNEXyi511WsfFsSiYUazk9qMsB/NtU8N9vhAfN7mZAxLFoMex4v66JjHuZWwA==",
			"cpu": [
				"x64"
			],
			"license": "Apache-2.0",
			"optional": true,
			"os": [
				"linux"
			],
			"engines": {
				"node": ">=16"
			}
		},
		"node_modules/@openai/codex-win32-arm64": {
			"name": "@openai/codex",
			"version": "0.145.0-win32-arm64",
			"resolved": "https://registry.npmjs.org/@openai/codex/-/codex-0.145.0-win32-arm64.tgz",
			"integrity": "sha512-sub61rjEFevi1i3Zx7nAd4JM5XxoNFqMqFc5LfTo2xSI8ixHjFvEYDFDXwXOftT04n3Ht1Wh271ioUZpDiEjEg==",
			"cpu": [
				"arm64"
			],
			"license": "Apache-2.0",
			"optional": true,
			"os": [
				"win32"
			],
			"engines": {
				"node": ">=16"
			}
		},
		"node_modules/@openai/codex-win32-x64": {
			"name": "@openai/codex",
			"version": "0.145.0-win32-x64",
			"resolved": "https://registry.npmjs.org/@openai/codex/-/codex-0.145.0-win32-x64.tgz",
			"integrity": "sha512-u0h9lk094CaXRSqE34SBW2dRaQTPa6fASXqehczWH9QdsU62mBsiAgAdp6tCG4i+YzPmmhjD8FdXNnYGNmwuMg==",
			"cpu": [
				"x64"
			],
			"license": "Apache-2.0",
			"optional": true,
			"os": [
				"win32"
			],
			"engines": {
				"node": ">=16"
			}
		},
		"node_modules/opencode-ai": {
			"version": "1.18.4",
			"resolved": "https://registry.npmjs.org/opencode-ai/-/opencode-ai-1.18.4.tgz",
			"integrity": "sha512-B8pFAs1g158ZU+C6eSiJz/5ZhG7Vr2mH7Z7ruYEHLElAlX9tehrRTnzTTgjSxHY2vwZ/5VplwR3odFU+Dai8jg==",
			"cpu": [
				"arm64",
				"x64"
			],
			"hasInstallScript": true,
			"license": "MIT",
			"os": [
				"darwin",
				"linux",
				"win32"
			],
			"bin": {
				"opencode": "bin/opencode.exe"
			},
			"optionalDependencies": {
				"opencode-darwin-arm64": "1.18.4",
				"opencode-darwin-x64": "1.18.4",
				"opencode-darwin-x64-baseline": "1.18.4",
				"opencode-linux-arm64": "1.18.4",
				"opencode-linux-arm64-musl": "1.18.4",
				"opencode-linux-x64": "1.18.4",
				"opencode-linux-x64-baseline": "1.18.4",
				"opencode-linux-x64-baseline-musl": "1.18.4",
				"opencode-linux-x64-musl": "1.18.4",
				"opencode-windows-arm64": "1.18.4",
				"opencode-windows-x64": "1.18.4",
				"opencode-windows-x64-baseline": "1.18.4"
			}
		},
		"node_modules/opencode-darwin-arm64": {
			"version": "1.18.4",
			"resolved": "https://registry.npmjs.org/opencode-darwin-arm64/-/opencode-darwin-arm64-1.18.4.tgz",
			"integrity": "sha512-/GdcUv3axBFYmpdCY3yMGRCBq3fwAJayflnn9stXtIHKuckc7ZaUYZmyudIUpmzkZP5W8XsAVMJomR4Rbr2+Ig==",
			"cpu": [
				"arm64"
			],
			"optional": true,
			"os": [
				"darwin"
			]
		},
		"node_modules/opencode-darwin-x64": {
			"version": "1.18.4",
			"resolved": "https://registry.npmjs.org/opencode-darwin-x64/-/opencode-darwin-x64-1.18.4.tgz",
			"integrity": "sha512-0i/AmdFw3CerwIggKqtaDlWDCBfSgzXT+KPSvks/Dx6l9NfYHihLnbV+vKbr0lwzco1lsDo4JHE4j/zz7JZUKQ==",
			"cpu": [
				"x64"
			],
			"optional": true,
			"os": [
				"darwin"
			]
		},
		"node_modules/opencode-darwin-x64-baseline": {
			"version": "1.18.4",
			"resolved": "https://registry.npmjs.org/opencode-darwin-x64-baseline/-/opencode-darwin-x64-baseline-1.18.4.tgz",
			"integrity": "sha512-1v/keJ/m+3UplGU2XdP5YfK25rTlGi7Kf5BVSV/ICObk6PiJWBAWOrB8bAQWDLhN/Tn7UfogBAgxaiRRfLPuEA==",
			"cpu": [
				"x64"
			],
			"optional": true,
			"os": [
				"darwin"
			]
		},
		"node_modules/opencode-linux-arm64": {
			"version": "1.18.4",
			"resolved": "https://registry.npmjs.org/opencode-linux-arm64/-/opencode-linux-arm64-1.18.4.tgz",
			"integrity": "sha512-3gBw9weE76jloNPGmPvzl3GJR8b6scwSAENxUKRdJ3WCkC7qcjJm49KFyfqFjO5++1H1Q2jbmqqxAgt5upqoMQ==",
			"cpu": [
				"arm64"
			],
			"optional": true,
			"os": [
				"linux"
			]
		},
		"node_modules/opencode-linux-arm64-musl": {
			"version": "1.18.4",
			"resolved": "https://registry.npmjs.org/opencode-linux-arm64-musl/-/opencode-linux-arm64-musl-1.18.4.tgz",
			"integrity": "sha512-kno1QJz+JoY1YqGlrxcwGKqOh2/OFKdQ4UGUCN5K2evQRIhd9EfB4JvZkjzLxTzglda8lpP+PJltjCA4DHJAJw==",
			"cpu": [
				"arm64"
			],
			"libc": [
				"musl"
			],
			"optional": true,
			"os": [
				"linux"
			]
		},
		"node_modules/opencode-linux-x64": {
			"version": "1.18.4",
			"resolved": "https://registry.npmjs.org/opencode-linux-x64/-/opencode-linux-x64-1.18.4.tgz",
			"integrity": "sha512-mCiZuKQBqRHVhtp20YFDfNf5cUwTt6/I98MFJQDJdDTWggnkAVOnitQTmSt2cQwoPJ94VrRwDhZyY3pIY3+CQg==",
			"cpu": [
				"x64"
			],
			"optional": true,
			"os": [
				"linux"
			]
		},
		"node_modules/opencode-linux-x64-baseline": {
			"version": "1.18.4",
			"resolved": "https://registry.npmjs.org/opencode-linux-x64-baseline/-/opencode-linux-x64-baseline-1.18.4.tgz",
			"integrity": "sha512-LlVIv54gpM8I6QJVAoW5uvcaVO4z+y5DswfUCsxgaD0CWgjEbULaiAAZIS/L+N5rRw/jHeqcHSXiKinFZt0xww==",
			"cpu": [
				"x64"
			],
			"optional": true,
			"os": [
				"linux"
			]
		},
		"node_modules/opencode-linux-x64-baseline-musl": {
			"version": "1.18.4",
			"resolved": "https://registry.npmjs.org/opencode-linux-x64-baseline-musl/-/opencode-linux-x64-baseline-musl-1.18.4.tgz",
			"integrity": "sha512-hM/uPMEuxLbwXueOmHsf3jjmfJ238/3r6FZMPumKVMR7jJHutp3ZWuOIL+ZzByxzsUK1f3RGbKaFULOMIieRSw==",
			"cpu": [
				"x64"
			],
			"libc": [
				"musl"
			],
			"optional": true,
			"os": [
				"linux"
			]
		},
		"node_modules/opencode-linux-x64-musl": {
			"version": "1.18.4",
			"resolved": "https://registry.npmjs.org/opencode-linux-x64-musl/-/opencode-linux-x64-musl-1.18.4.tgz",
			"integrity": "sha512-AlojHLyv7Cgn2g5Rj5QeHckEWyA20qdbEla2d1R9mXSaqlP6sX7izNti8Tzr/vMG53Uwmppyjb37uFB2fK+YTQ==",
			"cpu": [
				"x64"
			],
			"libc": [
				"musl"
			],
			"optional": true,
			"os": [
				"linux"
			]
		},
		"node_modules/opencode-windows-arm64": {
			"version": "1.18.4",
			"resolved": "https://registry.npmjs.org/opencode-windows-arm64/-/opencode-windows-arm64-1.18.4.tgz",
			"integrity": "sha512-B6m7N7ZPj/E6xx1ZaSjNW0gHTd0b3NTSf9mQiN3W89zji3oH9VOHLQdrP10rAd/2uZ5ZttxSkRqj/iwgAW+3TQ==",
			"cpu": [
				"arm64"
			],
			"optional": true,
			"os": [
				"win32"
			]
		},
		"node_modules/opencode-windows-x64": {
			"version": "1.18.4",
			"resolved": "https://registry.npmjs.org/opencode-windows-x64/-/opencode-windows-x64-1.18.4.tgz",
			"integrity": "sha512-TumOcMOvZ6vfs348LgGLK9eFEBLsh+wI/UXmQ8BhXW95YV1Wd26TutSzQi4L/wLftsDfl8Q6bKQ2trWtGBzBvQ==",
			"cpu": [
				"x64"
			],
			"optional": true,
			"os": [
				"win32"
			]
		},
		"node_modules/opencode-windows-x64-baseline": {
			"version": "1.18.4",
			"resolved": "https://registry.npmjs.org/opencode-windows-x64-baseline/-/opencode-windows-x64-baseline-1.18.4.tgz",
			"integrity": "sha512-4EpZ97uI50vVv9UT5sDeK3ff+sFzqmbBT4TNGkMF9uwNTKJYqoSVuOIZhIfLTLNlrEK2hd2/sf/4GQhIkM6iTw==",
			"cpu": [
				"x64"
			],
			"optional": true,
			"os": [
				"win32"
			]
		}
	}
}
